
Microsoft Visual Studio Solution File, Format Version 12.00
# Visual Studio Version 16
VisualStudioVersion = 16.0.31019.35
MinimumVisualStudioVersion = 10.0.40219.1
Project("{FAE04EC0-301F-11D3-BF4B-00C04F79EFBC}") = "BethanyPieShopHRM.App", "BethanyPieShopHRM.App\BethanyPieShopHRM.App.csproj", "{A9DAF1D4-BB66-445A-BFB5-F8652E95BDB6}"
EndProject
Global
	GlobalSection(SolutionConfigurationPlatforms) = preSolution
		Debug|Any CPU = Debug|Any CPU
		Release|Any CPU = Release|Any CPU
	EndGlobalSection
	GlobalSection(ProjectConfigurationPlatforms) = postSolution
		{A9DAF1D4-BB66-445A-BFB5-F8652E95BDB6}.Debug|Any CPU.ActiveCfg = Debug|Any CPU
		{A9DAF1D4-BB66-445A-BFB5-F8652E95BDB6}.Debug|Any CPU.Build.0 = Debug|Any CPU
		{A9DAF1D4-BB66-445A-BFB5-F8652E95BDB6}.Release|Any CPU.ActiveCfg = Release|Any CPU
		{A9DAF1D4-BB66-445A-BFB5-F8652E95BDB6}.Release|Any CPU.Build.0 = Release|Any CPU
	EndGlobalSection
	GlobalSection(SolutionProperties) = preSolution
		HideSolutionNode = FALSE
	EndGlobalSection
	GlobalSection(ExtensibilityGlobals) = postSolution
		SolutionGuid = {CB9D227E-AEAB-4C09-BAD7-6C8501CC8227}
	EndGlobalSection
EndGlobal
